// !$*UTF8*$!
{
	archiveVersion = 1;
	classes = {
	};
	objectVersion = 50;
	objects = {

/* Begin PBXBuildFile section */
		019FD397588F2194CA782AAF /* Pods_todoeyy.framework in Frameworks */ = {isa = PBXBuildFile; fileRef = F3618466E1DB0E3B7B1AC1B5 /* Pods_todoeyy.framework */; };
		7F489A182253811700EC3E6E /* CategoryTableViewController.swift in Sources */ = {isa = PBXBuildFile; fileRef = 7F489A172253811700EC3E6E /* CategoryTableViewController.swift */; };
		7FA8081B2250DB7400CE59BE /* AppDelegate.swift in Sources */ = {isa = PBXBuildFile; fileRef = 7FA8081A2250DB7400CE59BE /* AppDelegate.swift */; };
		7FA8081D2250DB7400CE59BE /* TodoListViewController.swift in Sources */ = {isa = PBXBuildFile; fileRef = 7FA8081C2250DB7400CE59BE /* TodoListViewController.swift */; };
		7FA808202250DB7400CE59BE /* Main.storyboard in Resources */ = {isa = PBXBuildFile; fileRef = 7FA8081E2250DB7400CE59BE /* Main.storyboard */; };
		7FA808222250DB7500CE59BE /* Assets.xcassets in Resources */ = {isa = PBXBuildFile; fileRef = 7FA808212250DB7500CE59BE /* Assets.xcassets */; };
		7FA808252250DB7500CE59BE /* LaunchScreen.storyboard in Resources */ = {isa = PBXBuildFile; fileRef = 7FA808232250DB7500CE59BE /* LaunchScreen.storyboard */; };
		7FC6413D22549A95008AEBA7 /* Item.swift in Sources */ = {isa = PBXBuildFile; fileRef = 7FC6413C22549A95008AEBA7 /* Item.swift */; };
		7FC6413F22549AA0008AEBA7 /* Category.swift in Sources */ = {isa = PBXBuildFile; fileRef = 7FC6413E22549AA0008AEBA7 /* Category.swift */; };
/* End PBXBuildFile section */

/* Begin PBXFileReference section */
		6C17B0A5C25D2B5D8FD85141 /* Pods-todoeyy.debug.xcconfig */ = {isa = PBXFileReference; includeInIndex = 1; lastKnownFileType = text.xcconfig; name = "Pods-todoeyy.debug.xcconfig"; path = "Target Support Files/Pods-todoeyy/Pods-todoeyy.debug.xcconfig"; sourceTree = "<group>"; };
		7F489A172253811700EC3E6E /* CategoryTableViewController.swift */ = {isa = PBXFileReference; lastKnownFileType = sourcecode.swift; path = CategoryTableViewController.swift; sourceTree = "<group>"; };
		7FA808172250DB7400CE59BE /* todoeyy.app */ = {isa = PBXFileReference; explicitFileType = wrapper.application; includeInIndex = 0; path = todoeyy.app; sourceTree = BUILT_PRODUCTS_DIR; };
		7FA8081A2250DB7400CE59BE /* AppDelegate.swift */ = {isa = PBXFileReference; lastKnownFileType = sourcecode.swift; path = AppDelegate.swift; sourceTree = "<group>"; };
		7FA8081C2250DB7400CE59BE /* TodoListViewController.swift */ = {isa = PBXFileReference; lastKnownFileType = sourcecode.swift; path = TodoListViewController.swift; sourceTree = "<group>"; };
		7FA8081F2250DB7400CE59BE /* Base */ = {isa = PBXFileReference; lastKnownFileType = file.storyboard; name = Base; path = Base.lproj/Main.storyboard; sourceTree = "<group>"; };
		7FA808212250DB7500CE59BE /* Assets.xcassets */ = {isa = PBXFileReference; lastKnownFileType = folder.assetcatalog; path = Assets.xcassets; sourceTree = "<group>"; };
		7FA808242250DB7500CE59BE /* Base */ = {isa = PBXFileReference; lastKnownFileType = file.storyboard; name = Base; path = Base.lproj/LaunchScreen.storyboard; sourceTree = "<group>"; };
		7FA808262250DB7500CE59BE /* Info.plist */ = {isa = PBXFileReference; lastKnownFileType = text.plist.xml; path = Info.plist; sourceTree = "<group>"; };
		7FC6413C22549A95008AEBA7 /* Item.swift */ = {isa = PBXFileReference; lastKnownFileType = sourcecode.swift; path = Item.swift; sourceTree = "<group>"; };
		7FC6413E22549AA0008AEBA7 /* Category.swift */ = {isa = PBXFileReference; lastKnownFileType = sourcecode.swift; path = Category.swift; sourceTree = "<group>"; };
		A4C37C2E89A38A3ED46F0B5D /* Pods-todoeyy.release.xcconfig */ = {isa = PBXFileReference; includeInIndex = 1; lastKnownFileType = text.xcconfig; name = "Pods-todoeyy.release.xcconfig"; path = "Target Support Files/Pods-todoeyy/Pods-todoeyy.release.xcconfig"; sourceTree = "<group>"; };
		F3618466E1DB0E3B7B1AC1B5 /* Pods_todoeyy.framework */ = {isa = PBXFileReference; explicitFileType = wrapper.framework; includeInIndex = 0; path = Pods_todoeyy.framework; sourceTree = BUILT_PRODUCTS_DIR; };
/* End PBXFileReference section */

/* Begin PBXFrameworksBuildPhase section */
		7FA808142250DB7400CE59BE /* Frameworks */ = {
			isa = PBXFrameworksBuildPhase;
			buildActionMask = 2147483647;
			files = (
				019FD397588F2194CA782AAF /* Pods_todoeyy.framework in Frameworks */,
			);
			runOnlyForDeploymentPostprocessing = 0;
		};
/* End PBXFrameworksBuildPhase section */

/* Begin PBXGroup section */
		7F4899EF22526EEB00EC3E6E /* Data Model */ = {
			isa = PBXGroup;
			children = (
				7FC6413C22549A95008AEBA7 /* Item.swift */,
				7FC6413E22549AA0008AEBA7 /* Category.swift */,
			);
			path = "Data Model";
			sourceTree = "<group>";
		};
		7F4899F022526F0800EC3E6E /* Controllers */ = {
			isa = PBXGroup;
			children = (
				7F489A172253811700EC3E6E /* CategoryTableViewController.swift */,
				7FA8081C2250DB7400CE59BE /* TodoListViewController.swift */,
			);
			path = Controllers;
			sourceTree = "<group>";
		};
		7F4899F122526F1500EC3E6E /* Views */ = {
			isa = PBXGroup;
			children = (
				7FA8081E2250DB7400CE59BE /* Main.storyboard */,
			);
			path = Views;
			sourceTree = "<group>";
		};
		7F4899F222526F2A00EC3E6E /* Supporting Files */ = {
			isa = PBXGroup;
			children = (
				7FA808232250DB7500CE59BE /* LaunchScreen.storyboard */,
				7FA808212250DB7500CE59BE /* Assets.xcassets */,
			);
			path = "Supporting Files";
			sourceTree = "<group>";
		};
		7FA8080E2250DB7400CE59BE = {
			isa = PBXGroup;
			children = (
				7FA808192250DB7400CE59BE /* todoeyy */,
				7FA808182250DB7400CE59BE /* Products */,
				D1BC95DDD46C9BDCA7C158BF /* Pods */,
				C0D2614AC33BC8A938CF8454 /* Frameworks */,
			);
			sourceTree = "<group>";
		};
		7FA808182250DB7400CE59BE /* Products */ = {
			isa = PBXGroup;
			children = (
				7FA808172250DB7400CE59BE /* todoeyy.app */,
			);
			name = Products;
			sourceTree = "<group>";
		};
		7FA808192250DB7400CE59BE /* todoeyy */ = {
			isa = PBXGroup;
			children = (
				7FA8081A2250DB7400CE59BE /* AppDelegate.swift */,
				7F4899F022526F0800EC3E6E /* Controllers */,
				7F4899EF22526EEB00EC3E6E /* Data Model */,
				7F4899F122526F1500EC3E6E /* Views */,
				7F4899F222526F2A00EC3E6E /* Supporting Files */,
				7FA808262250DB7500CE59BE /* Info.plist */,
			);
			path = todoeyy;
			sourceTree = "<group>";
		};
		C0D2614AC33BC8A938CF8454 /* Frameworks */ = {
			isa = PBXGroup;
			children = (
				F3618466E1DB0E3B7B1AC1B5 /* Pods_todoeyy.framework */,
			);
			name = Frameworks;
			sourceTree = "<group>";
		};
		D1BC95DDD46C9BDCA7C158BF /* Pods */ = {
			isa = PBXGroup;
			children = (
				6C17B0A5C25D2B5D8FD85141 /* Pods-todoeyy.debug.xcconfig */,
				A4C37C2E89A38A3ED46F0B5D /* Pods-todoeyy.release.xcconfig */,
			);
			path = Pods;
			sourceTree = "<group>";
		};
/* End PBXGroup section */

/* Begin PBXNativeTarget section */
		7FA808162250DB7400CE59BE /* todoeyy */ = {
			isa = PBXNativeTarget;
			buildConfigurationList = 7FA808292250DB7500CE59BE /* Build configuration list for PBXNativeTarget "todoeyy" */;
			buildPhases = (
				E32D4346D5F56BC2F89532ED /* [CP] Check Pods Manifest.lock */,
				7FA808132250DB7400CE59BE /* Sources */,
				7FA808142250DB7400CE59BE /* Frameworks */,
				7FA808152250DB7400CE59BE /* Resources */,
				127BAF063BA7BD6BE1116E20 /* [CP] Embed Pods Frameworks */,
			);
			buildRules = (
			);
			dependencies = (
			);
			name = todoeyy;
			productName = todoeyy;
			productReference = 7FA808172250DB7400CE59BE /* todoeyy.app */;
			productType = "com.apple.product-type.application";
		};
/* End PBXNativeTarget section */

/* Begin PBXProject section */
		7FA8080F2250DB7400CE59BE /* Project object */ = {
			isa = PBXProject;
			attributes = {
				LastSwiftUpdateCheck = 1010;
				LastUpgradeCheck = 1010;
				ORGANIZATIONNAME = "WIZBIZ International";
				TargetAttributes = {
					7FA808162250DB7400CE59BE = {
						CreatedOnToolsVersion = 10.1;
					};
				};
			};
			buildConfigurationList = 7FA808122250DB7400CE59BE /* Build configuration list for PBXProject "todoeyy" */;
			compatibilityVersion = "Xcode 9.3";
			developmentRegion = en;
			hasScannedForEncodings = 0;
			knownRegions = (
				en,
				Base,
			);
			mainGroup = 7FA8080E2250DB7400CE59BE;
			productRefGroup = 7FA808182250DB7400CE59BE /* Products */;
			projectDirPath = "";
			projectRoot = "";
			targets = (
				7FA808162250DB7400CE59BE /* todoeyy */,
			);
		};
/* End PBXProject section */

/* Begin PBXResourcesBuildPhase section */
		7FA808152250DB7400CE59BE /* Resources */ = {
			isa = PBXResourcesBuildPhase;
			buildActionMask = 2147483647;
			files = (
				7FA808252250DB7500CE59BE /* LaunchScreen.storyboard in Resources */,
				7FA808222250DB7500CE59BE /* Assets.xcassets in Resources */,
				7FA808202250DB7400CE59BE /* Main.storyboard in Resources */,
			);
			runOnlyForDeploymentPostprocessing = 0;
		};
/* End PBXResourcesBuildPhase section */

/* Begin PBXShellScriptBuildPhase section */
		127BAF063BA7BD6BE1116E20 /* [CP] Embed Pods Frameworks */ = {
			isa = PBXShellScriptBuildPhase;
			buildActionMask = 2147483647;
			files = (
			);
			inputFileListPaths = (
			);
			inputPaths = (
				"${PODS_ROOT}/Target Support Files/Pods-todoeyy/Pods-todoeyy-frameworks.sh",
				"${BUILT_PRODUCTS_DIR}/Realm/Realm.framework",
				"${BUILT_PRODUCTS_DIR}/RealmSwift/RealmSwift.framework",
			);
			name = "[CP] Embed Pods Frameworks";
			outputFileListPaths = (
			);
			outputPaths = (
				"${TARGET_BUILD_DIR}/${FRAMEWORKS_FOLDER_PATH}/Realm.framework",
				"${TARGET_BUILD_DIR}/${FRAMEWORKS_FOLDER_PATH}/RealmSwift.framework",
			);
			runOnlyForDeploymentPostprocessing = 0;
			shellPath = /bin/sh;
			shellScript = "\"${PODS_ROOT}/Target Support Files/Pods-todoeyy/Pods-todoeyy-frameworks.sh\"\n";
			showEnvVarsInLog = 0;
		};
		E32D4346D5F56BC2F89532ED /* [CP] Check Pods Manifest.lock */ = {
			isa = PBXShellScriptBuildPhase;
			buildActionMask = 2147483647;
			files = (
			);
			inputFileListPaths = (
			);
			inputPaths = (
				"${PODS_PODFILE_DIR_PATH}/Podfile.lock",
				"${PODS_ROOT}/Manifest.lock",
			);
			name = "[CP] Check Pods Manifest.lock";
			outputFileListPaths = (
			);
			outputPaths = (
				"$(DERIVED_FILE_DIR)/Pods-todoeyy-checkManifestLockResult.txt",
			);
			runOnlyForDeploymentPostprocessing = 0;
			shellPath = /bin/sh;
			shellScript = "diff \"${PODS_PODFILE_DIR_PATH}/Podfile.lock\" \"${PODS_ROOT}/Manifest.lock\" > /dev/null\nif [ $? != 0 ] ; then\n    # print error to STDERR\n    echo \"error: The sandbox is not in sync with the Podfile.lock. Run 'pod install' or update your CocoaPods installation.\" >&2\n    exit 1\nfi\n# This output is used by Xcode 'outputs' to avoid re-running this script phase.\necho \"SUCCESS\" > \"${SCRIPT_OUTPUT_FILE_0}\"\n";
			showEnvVarsInLog = 0;
		};
/* End PBXShellScriptBuildPhase section */

/* Begin PBXSourcesBuildPhase section */
		7FA808132250DB7400CE59BE /* Sources */ = {
			isa = PBXSourcesBuildPhase;
			buildActionMask = 2147483647;
			files = (
				7FC6413D22549A95008AEBA7 /* Item.swift in Sources */,
				7FA8081D2250DB7400CE59BE /* TodoListViewController.swift in Sources */,
				7FA8081B2250DB7400CE59BE /* AppDelegate.swift in Sources */,
				7F489A182253811700EC3E6E /* CategoryTableViewController.swift in Sources */,
				7FC6413F22549AA0008AEBA7 /* Category.swift in Sources */,
			);
			runOnlyForDeploymentPostprocessing = 0;
		};
/* End PBXSourcesBuildPhase section */

/* Begin PBXVariantGroup section */
		7FA8081E2250DB7400CE59BE /* Main.storyboard */ = {
			isa = PBXVariantGroup;
			children = (
				7FA8081F2250DB7400CE59BE /* Base */,
			);
			name = Main.storyboard;
			sourceTree = "<group>";
		};
		7FA808232250DB7500CE59BE /* LaunchScreen.storyboard */ = {
			isa = PBXVariantGroup;
			children = (
				7FA808242250DB7500CE59BE /* Base */,
			);
			name = LaunchScreen.storyboard;
			sourceTree = "<group>";
		};
/* End PBXVariantGroup section */

/* Begin XCBuildConfiguration section */
		7FA808272250DB7500CE59BE /* Debug */ = {
			isa = XCBuildConfiguration;
			buildSettings = {
				ALWAYS_SEARCH_USER_PATHS = NO;
				CLANG_ANALYZER_NONNULL = YES;
				CLANG_ANALYZER_NUMBER_OBJECT_CONVERSION = YES_AGGRESSIVE;
				CLANG_CXX_LANGUAGE_STANDARD = "gnu++14";
				CLANG_CXX_LIBRARY = "libc++";
				CLANG_ENABLE_MODULES = YES;
				CLANG_ENABLE_OBJC_ARC = YES;
				CLANG_ENABLE_OBJC_WEAK = YES;
				CLANG_WARN_BLOCK_CAPTURE_AUTORELEASING = YES;
				CLANG_WARN_BOOL_CONVERSION = YES;
				CLANG_WARN_COMMA = YES;
				CLANG_WARN_CONSTANT_CONVERSION = YES;
				CLANG_WARN_DEPRECATED_OBJC_IMPLEMENTATIONS = YES;
				CLANG_WARN_DIRECT_OBJC_ISA_USAGE = YES_ERROR;
				CLANG_WARN_DOCUMENTATION_COMMENTS = YES;
				CLANG_WARN_EMPTY_BODY = YES;
				CLANG_WARN_ENUM_CONVERSION = YES;
				CLANG_WARN_INFINITE_RECURSION = YES;
				CLANG_WARN_INT_CONVERSION = YES;
				CLANG_WARN_NON_LITERAL_NULL_CONVERSION = YES;
				CLANG_WARN_OBJC_IMPLICIT_RETAIN_SELF = YES;
				CLANG_WARN_OBJC_LITERAL_CONVERSION = YES;
				CLANG_WARN_OBJC_ROOT_CLASS = YES_ERROR;
				CLANG_WARN_RANGE_LOOP_ANALYSIS = YES;
				CLANG_WARN_STRICT_PROTOTYPES = YES;
				CLANG_WARN_SUSPICIOUS_MOVE = YES;
				CLANG_WARN_UNGUARDED_AVAILABILITY = YES_AGGRESSIVE;
				CLANG_WARN_UNREACHABLE_CODE = YES;
				CLANG_WARN__DUPLICATE_METHOD_MATCH = YES;
				CODE_SIGN_IDENTITY = "iPhone Developer";
				COPY_PHASE_STRIP = NO;
				DEBUG_INFORMATION_FORMAT = dwarf;
				ENABLE_STRICT_OBJC_MSGSEND = YES;
				ENABLE_TESTABILITY = YES;
				GCC_C_LANGUAGE_STANDARD = gnu11;
				GCC_DYNAMIC_NO_PIC = NO;
				GCC_NO_COMMON_BLOCKS = YES;
				GCC_OPTIMIZATION_LEVEL = 0;
				GCC_PREPROCESSOR_DEFINITIONS = (
					"DEBUG=1",
					"$(inherited)",
				);
				GCC_WARN_64_TO_32_BIT_CONVERSION = YES;
				GCC_WARN_ABOUT_RETURN_TYPE = YES_ERROR;
				GCC_WARN_UNDECLARED_SELECTOR = YES;
				GCC_WARN_UNINITIALIZED_AUTOS = YES_AGGRESSIVE;
				GCC_WARN_UNUSED_FUNCTION = YES;
				GCC_WARN_UNUSED_VARIABLE = YES;
				IPHONEOS_DEPLOYMENT_TARGET = 12.1;
				MTL_ENABLE_DEBUG_INFO = INCLUDE_SOURCE;
				MTL_FAST_MATH = YES;
				ONLY_ACTIVE_ARCH = YES;
				SDKROOT = iphoneos;
				SWIFT_ACTIVE_COMPILATION_CONDITIONS = DEBUG;
				SWIFT_OPTIMIZATION_LEVEL = "-Onone";
			};
			name = Debug;
		};
		7FA808282250DB7500CE59BE /* Release */ = {
			isa = XCBuildConfiguration;
			buildSettings = {
				ALWAYS_SEARCH_USER_PATHS = NO;
				CLANG_ANALYZER_NONNULL = YES;
				CLANG_ANALYZER_NUMBER_OBJECT_CONVERSION = YES_AGGRESSIVE;
				CLANG_CXX_LANGUAGE_STANDARD = "gnu++14";
				CLANG_CXX_LIBRARY = "libc++";
				CLANG_ENABLE_MODULES = YES;
				CLANG_ENABLE_OBJC_ARC = YES;
				CLANG_ENABLE_OBJC_WEAK = YES;
				CLANG_WARN_BLOCK_CAPTURE_AUTORELEASING = YES;
				CLANG_WARN_BOOL_CONVERSION = YES;
				CLANG_WARN_COMMA = YES;
				CLANG_WARN_CONSTANT_CONVERSION = YES;
				CLANG_WARN_DEPRECATED_OBJC_IMPLEMENTATIONS = YES;
				CLANG_WARN_DIRECT_OBJC_ISA_USAGE = YES_ERROR;
				CLANG_WARN_DOCUMENTATION_COMMENTS = YES;
				CLANG_WARN_EMPTY_BODY = YES;
				CLANG_WARN_ENUM_CONVERSION = YES;
				CLANG_WARN_INFINITE_RECURSION = YES;
				CLANG_WARN_INT_CONVERSION = YES;
				CLANG_WARN_NON_LITERAL_NULL_CONVERSION = YES;
				CLANG_WARN_OBJC_IMPLICIT_RETAIN_SELF = YES;
				CLANG_WARN_OBJC_LITERAL_CONVERSION = YES;
				CLANG_WARN_OBJC_ROOT_CLASS = YES_ERROR;
				CLANG_WARN_RANGE_LOOP_ANALYSIS = YES;
				CLANG_WARN_STRICT_PROTOTYPES = YES;
				CLANG_WARN_SUSPICIOUS_MOVE = YES;
				CLANG_WARN_UNGUARDED_AVAILABILITY = YES_AGGRESSIVE;
				CLANG_WARN_UNREACHABLE_CODE = YES;
				CLANG_WARN__DUPLICATE_METHOD_MATCH = YES;
				CODE_SIGN_IDENTITY = "iPhone Developer";
				COPY_PHASE_STRIP = NO;
				DEBUG_INFORMATION_FORMAT = "dwarf-with-dsym";
				ENABLE_NS_ASSERTIONS = NO;
				ENABLE_STRICT_OBJC_MSGSEND = YES;
				GCC_C_LANGUAGE_STANDARD = gnu11;
				GCC_NO_COMMON_BLOCKS = YES;
				GCC_WARN_64_TO_32_BIT_CONVERSION = YES;
				GCC_WARN_ABOUT_RETURN_TYPE = YES_ERROR;
				GCC_WARN_UNDECLARED_SELECTOR = YES;
				GCC_WARN_UNINITIALIZED_AUTOS = YES_AGGRESSIVE;
				GCC_WARN_UNUSED_FUNCTION = YES;
				GCC_WARN_UNUSED_VARIABLE = YES;
				IPHONEOS_DEPLOYMENT_TARGET = 12.1;
				MTL_ENABLE_DEBUG_INFO = NO;
				MTL_FAST_MATH = YES;
				SDKROOT = iphoneos;
				SWIFT_COMPILATION_MODE = wholemodule;
				SWIFT_OPTIMIZATION_LEVEL = "-O";
				VALIDATE_PRODUCT = YES;
			};
			name = Release;
		};
		7FA8082A2250DB7500CE59BE /* Debug */ = {
			isa = XCBuildConfiguration;
			baseConfigurationReference = 6C17B0A5C25D2B5D8FD85141 /* Pods-todoeyy.debug.xcconfig */;
			buildSettings = {
				ASSETCATALOG_COMPILER_APPICON_NAME = AppIcon;
				CODE_SIGN_STYLE = Automatic;
				DEVELOPMENT_TEAM = XQUV8ABFQ5;
				INFOPLIST_FILE = todoeyy/Info.plist;
				LD_RUNPATH_SEARCH_PATHS = (
					"$(inherited)",
					"@executable_path/Frameworks",
				);
				PRODUCT_BUNDLE_IDENTIFIER = "wizbiz-International.todoeyy";
				PRODUCT_NAME = "$(TARGET_NAME)";
				SWIFT_VERSION = 4.2;
				TARGETED_DEVICE_FAMILY = "1,2";
			};
			name = Debug;
		};
		7FA8082B2250DB7500CE59BE /* Release */ = {
			isa = XCBuildConfiguration;
			baseConfigurationReference = A4C37C2E89A38A3ED46F0B5D /* Pods-todoeyy.release.xcconfig */;
			buildSettings = {
				ASSETCATALOG_COMPILER_APPICON_NAME = AppIcon;
				CODE_SIGN_STYLE = Automatic;
				DEVELOPMENT_TEAM = XQUV8ABFQ5;
				INFOPLIST_FILE = todoeyy/Info.plist;
				LD_RUNPATH_SEARCH_PATHS = (
					"$(inherited)",
					"@executable_path/Frameworks",
				);
				PRODUCT_BUNDLE_IDENTIFIER = "wizbiz-International.todoeyy";
				PRODUCT_NAME = "$(TARGET_NAME)";
				SWIFT_VERSION = 4.2;
				TARGETED_DEVICE_FAMILY = "1,2";
			};
			name = Release;
		};
/* End XCBuildConfiguration section */

/* Begin XCConfigurationList section */
		7FA808122250DB7400CE59BE /* Build configuration list for PBXProject "todoeyy" */ = {
			isa = XCConfigurationList;
			buildConfigurations = (
				7FA808272250DB7500CE59BE /* Debug */,
				7FA808282250DB7500CE59BE /* Release */,
			);
			defaultConfigurationIsVisible = 0;
			defaultConfigurationName = Release;
		};
		7FA808292250DB7500CE59BE /* Build configuration list for PBXNativeTarget "todoeyy" */ = {
			isa = XCConfigurationList;
			buildConfigurations = (
				7FA8082A2250DB7500CE59BE /* Debug */,
				7FA8082B2250DB7500CE59BE /* Release */,
			);
			defaultConfigurationIsVisible = 0;
			defaultConfigurationName = Release;
		};
/* End XCConfigurationList section */
	};
	rootObject = 7FA8080F2250DB7400CE59BE /* Project object */;
}
